
Microsoft Visual Studio Solution File, Format Version 12.00
# Visual Studio Version 17
VisualStudioVersion = 17.3.32929.385
MinimumVisualStudioVersion = 10.0.40219.1
Project("{FAE04EC0-301F-11D3-BF4B-00C04F79EFBC}") = "AspNetWebSample", "AspNetWebSample\AspNetWebSample.csproj", "{D6675BBA-13E9-4FE0-BAA1-481097EC640A}"
EndProject
Global
	GlobalSection(SolutionConfigurationPlatforms) = preSolution
		Debug|Any CPU = Debug|Any CPU
		Release|Any CPU = Release|Any CPU
	EndGlobalSection
	GlobalSection(ProjectConfigurationPlatforms) = postSolution
		{D6675BBA-13E9-4FE0-BAA1-481097EC640A}.Debug|Any CPU.ActiveCfg = Debug|Any CPU
		{D6675BBA-13E9-4FE0-BAA1-481097EC640A}.Debug|Any CPU.Build.0 = Debug|Any CPU
		{D6675BBA-13E9-4FE0-BAA1-481097EC640A}.Release|Any CPU.ActiveCfg = Release|Any CPU
		{D6675BBA-13E9-4FE0-BAA1-481097EC640A}.Release|Any CPU.Build.0 = Release|Any CPU
	EndGlobalSection
	GlobalSection(SolutionProperties) = preSolution
		HideSolutionNode = FALSE
	EndGlobalSection
	GlobalSection(ExtensibilityGlobals) = postSolution
		SolutionGuid = {5280746B-1C1E-4F8C-BDE2-5819ED388BDA}
	EndGlobalSection
EndGlobal
